
Microsoft Visual Studio Solution File, Format Version 12.00
# Visual Studio 15
VisualStudioVersion = 15.0.26430.6
MinimumVisualStudioVersion = 10.0.40219.1
Project("{FAE04EC0-301F-11D3-BF4B-00C04F79EFBC}") = "Diploma", "Diploma\Diploma.csproj", "{6936E159-3857-4666-BD27-3A07CD3A4A8A}"
EndProject
Project("{FAE04EC0-301F-11D3-BF4B-00C04F79EFBC}") = "DataDB", "DataDB\DataDB.csproj", "{6D18793B-C2EB-4D4E-9F6F-FF2F36DAE87B}"
EndProject
Global
	GlobalSection(SolutionConfigurationPlatforms) = preSolution
		Debug|Any CPU = Debug|Any CPU
		Release|Any CPU = Release|Any CPU
	EndGlobalSection
	GlobalSection(ProjectConfigurationPlatforms) = postSolution
		{6936E159-3857-4666-BD27-3A07CD3A4A8A}.Debug|Any CPU.ActiveCfg = Debug|Any CPU
		{6936E159-3857-4666-BD27-3A07CD3A4A8A}.Debug|Any CPU.Build.0 = Debug|Any CPU
		{6936E159-3857-4666-BD27-3A07CD3A4A8A}.Release|Any CPU.ActiveCfg = Release|Any CPU
		{6936E159-3857-4666-BD27-3A07CD3A4A8A}.Release|Any CPU.Build.0 = Release|Any CPU
		{6D18793B-C2EB-4D4E-9F6F-FF2F36DAE87B}.Debug|Any CPU.ActiveCfg = Debug|Any CPU
		{6D18793B-C2EB-4D4E-9F6F-FF2F36DAE87B}.Debug|Any CPU.Build.0 = Debug|Any CPU
		{6D18793B-C2EB-4D4E-9F6F-FF2F36DAE87B}.Release|Any CPU.ActiveCfg = Release|Any CPU
		{6D18793B-C2EB-4D4E-9F6F-FF2F36DAE87B}.Release|Any CPU.Build.0 = Release|Any CPU
	EndGlobalSection
	GlobalSection(SolutionProperties) = preSolution
		HideSolutionNode = FALSE
	EndGlobalSection
	GlobalSection(ExtensibilityGlobals) = postSolution
		SolutionGuid = {52315112-3E01-4765-8508-44D65086A81A}
	EndGlobalSection
EndGlobal
